PODS:
  - Roatlas (0.1.1):
    - SwiftCSV
  - SwiftCSV (0.6.1)

DEPENDENCIES:
  - Roatlas (from `../`)

SPEC REPOS:
  trunk:
    - SwiftCSV

EXTERNAL SOURCES:
  Roatlas:
    :path: "../"

SPEC CHECKSUMS:
  Roatlas: 541fa40a5fbf807bb36868dc2c0e00cac696bf74
  SwiftCSV: f0108ec3e85c69ca7d7707645a4d044a222dc10c

PODFILE CHECKSUM: a66493a41577e61ee489333c53424029abc69ad8

COCOAPODS: 1.10.2
